
Microsoft Visual Studio Solution File, Format Version 12.00
# Visual Studio Version 16
VisualStudioVersion = 16.0.31205.134
MinimumVisualStudioVersion = 10.0.40219.1
Project("{FAE04EC0-301F-11D3-BF4B-00C04F79EFBC}") = "DnDCharacterBuilderBusiness", "DnDCharacterBuilder\DnDCharacterBuilderBusiness.csproj", "{999D0CB7-8B03-4389-ACEA-D4999189F826}"
EndProject
Project("{FAE04EC0-301F-11D3-BF4B-00C04F79EFBC}") = "DnDCharacterBuilderData", "DnDCharacterBuilderData\DnDCharacterBuilderData.csproj", "{FD0780BD-A00C-4FD4-854D-68286817C9B4}"
EndProject
Project("{FAE04EC0-301F-11D3-BF4B-00C04F79EFBC}") = "DnDCharacterBuilderGUI", "DnDCharacterBuilderGUI\DnDCharacterBuilderGUI.csproj", "{15A53E96-4C5F-4CE1-BE73-E506841B55A5}"
EndProject
Project("{FAE04EC0-301F-11D3-BF4B-00C04F79EFBC}") = "DnDCharacterBuilderTests", "DnDCharacterBuilderTests\DnDCharacterBuilderTests.csproj", "{61C62100-2D55-4706-BE20-DA4D44D0ACF0}"
EndProject
Global
	GlobalSection(SolutionConfigurationPlatforms) = preSolution
		Debug|Any CPU = Debug|Any CPU
		Release|Any CPU = Release|Any CPU
	EndGlobalSection
	GlobalSection(ProjectConfigurationPlatforms) = postSolution
		{999D0CB7-8B03-4389-ACEA-D4999189F826}.Debug|Any CPU.ActiveCfg = Debug|Any CPU
		{999D0CB7-8B03-4389-ACEA-D4999189F826}.Debug|Any CPU.Build.0 = Debug|Any CPU
		{999D0CB7-8B03-4389-ACEA-D4999189F826}.Release|Any CPU.ActiveCfg = Release|Any CPU
		{999D0CB7-8B03-4389-ACEA-D4999189F826}.Release|Any CPU.Build.0 = Release|Any CPU
		{FD0780BD-A00C-4FD4-854D-68286817C9B4}.Debug|Any CPU.ActiveCfg = Debug|Any CPU
		{FD0780BD-A00C-4FD4-854D-68286817C9B4}.Debug|Any CPU.Build.0 = Debug|Any CPU
		{FD0780BD-A00C-4FD4-854D-68286817C9B4}.Release|Any CPU.ActiveCfg = Release|Any CPU
		{FD0780BD-A00C-4FD4-854D-68286817C9B4}.Release|Any CPU.Build.0 = Release|Any CPU
		{15A53E96-4C5F-4CE1-BE73-E506841B55A5}.Debug|Any CPU.ActiveCfg = Debug|Any CPU
		{15A53E96-4C5F-4CE1-BE73-E506841B55A5}.Debug|Any CPU.Build.0 = Debug|Any CPU
		{15A53E96-4C5F-4CE1-BE73-E506841B55A5}.Release|Any CPU.ActiveCfg = Release|Any CPU
		{15A53E96-4C5F-4CE1-BE73-E506841B55A5}.Release|Any CPU.Build.0 = Release|Any CPU
		{61C62100-2D55-4706-BE20-DA4D44D0ACF0}.Debug|Any CPU.ActiveCfg = Debug|Any CPU
		{61C62100-2D55-4706-BE20-DA4D44D0ACF0}.Debug|Any CPU.Build.0 = Debug|Any CPU
		{61C62100-2D55-4706-BE20-DA4D44D0ACF0}.Release|Any CPU.ActiveCfg = Release|Any CPU
		{61C62100-2D55-4706-BE20-DA4D44D0ACF0}.Release|Any CPU.Build.0 = Release|Any CPU
	EndGlobalSection
	GlobalSection(SolutionProperties) = preSolution
		HideSolutionNode = FALSE
	EndGlobalSection
	GlobalSection(ExtensibilityGlobals) = postSolution
		SolutionGuid = {916E0CA8-2964-48D3-A8E4-9AB4C4F932F9}
	EndGlobalSection
EndGlobal
