
Microsoft Visual Studio Solution File, Format Version 12.00
# Visual Studio Version 16
VisualStudioVersion = 16.0.31205.134
MinimumVisualStudioVersion = 10.0.40219.1
Project("{FAE04EC0-301F-11D3-BF4B-00C04F79EFBC}") = "DnDGame", "DnDGame\DnDGame.csproj", "{CEF04CBF-22D9-4641-BF2B-3F7632EF9196}"
EndProject
Global
	GlobalSection(SolutionConfigurationPlatforms) = preSolution
		Debug|Any CPU = Debug|Any CPU
		Release|Any CPU = Release|Any CPU
	EndGlobalSection
	GlobalSection(ProjectConfigurationPlatforms) = postSolution
		{CEF04CBF-22D9-4641-BF2B-3F7632EF9196}.Debug|Any CPU.ActiveCfg = Debug|Any CPU
		{CEF04CBF-22D9-4641-BF2B-3F7632EF9196}.Debug|Any CPU.Build.0 = Debug|Any CPU
		{CEF04CBF-22D9-4641-BF2B-3F7632EF9196}.Release|Any CPU.ActiveCfg = Release|Any CPU
		{CEF04CBF-22D9-4641-BF2B-3F7632EF9196}.Release|Any CPU.Build.0 = Release|Any CPU
	EndGlobalSection
	GlobalSection(SolutionProperties) = preSolution
		HideSolutionNode = FALSE
	EndGlobalSection
	GlobalSection(ExtensibilityGlobals) = postSolution
		SolutionGuid = {530A1230-6336-434A-90D2-FB14BF600FA1}
	EndGlobalSection
EndGlobal
