
Microsoft Visual Studio Solution File, Format Version 12.00
# Visual Studio Version 16
VisualStudioVersion = 16.0.31129.286
MinimumVisualStudioVersion = 10.0.40219.1
Project("{9A19103F-16F7-4668-BE54-9A1E7A4F7556}") = "SouthwindApp", "SouthwindApp\SouthwindApp.csproj", "{AAC24A85-3694-45B9-A618-2A9250D25604}"
EndProject
Project("{9A19103F-16F7-4668-BE54-9A1E7A4F7556}") = "SouthwindContextBusiness", "SouthwindContextBusiness\SouthwindContextBusiness.csproj", "{CA6693F8-E24B-486B-BC96-B968CE119660}"
EndProject
Project("{9A19103F-16F7-4668-BE54-9A1E7A4F7556}") = "SouthwindTests", "SouthwindTests\SouthwindTests.csproj", "{5417A018-5719-458F-BB12-751A32413056}"
EndProject
Project("{FAE04EC0-301F-11D3-BF4B-00C04F79EFBC}") = "GUIForDatabase", "GUIForDatabase\GUIForDatabase.csproj", "{CA150CE2-7966-466A-9398-FC0557059634}"
EndProject
Global
	GlobalSection(SolutionConfigurationPlatforms) = preSolution
		Debug|Any CPU = Debug|Any CPU
		Release|Any CPU = Release|Any CPU
	EndGlobalSection
	GlobalSection(ProjectConfigurationPlatforms) = postSolution
		{AAC24A85-3694-45B9-A618-2A9250D25604}.Debug|Any CPU.ActiveCfg = Debug|Any CPU
		{AAC24A85-3694-45B9-A618-2A9250D25604}.Debug|Any CPU.Build.0 = Debug|Any CPU
		{AAC24A85-3694-45B9-A618-2A9250D25604}.Release|Any CPU.ActiveCfg = Release|Any CPU
		{AAC24A85-3694-45B9-A618-2A9250D25604}.Release|Any CPU.Build.0 = Release|Any CPU
		{CA6693F8-E24B-486B-BC96-B968CE119660}.Debug|Any CPU.ActiveCfg = Debug|Any CPU
		{CA6693F8-E24B-486B-BC96-B968CE119660}.Debug|Any CPU.Build.0 = Debug|Any CPU
		{CA6693F8-E24B-486B-BC96-B968CE119660}.Release|Any CPU.ActiveCfg = Release|Any CPU
		{CA6693F8-E24B-486B-BC96-B968CE119660}.Release|Any CPU.Build.0 = Release|Any CPU
		{5417A018-5719-458F-BB12-751A32413056}.Debug|Any CPU.ActiveCfg = Debug|Any CPU
		{5417A018-5719-458F-BB12-751A32413056}.Debug|Any CPU.Build.0 = Debug|Any CPU
		{5417A018-5719-458F-BB12-751A32413056}.Release|Any CPU.ActiveCfg = Release|Any CPU
		{5417A018-5719-458F-BB12-751A32413056}.Release|Any CPU.Build.0 = Release|Any CPU
		{CA150CE2-7966-466A-9398-FC0557059634}.Debug|Any CPU.ActiveCfg = Debug|Any CPU
		{CA150CE2-7966-466A-9398-FC0557059634}.Debug|Any CPU.Build.0 = Debug|Any CPU
		{CA150CE2-7966-466A-9398-FC0557059634}.Release|Any CPU.ActiveCfg = Release|Any CPU
		{CA150CE2-7966-466A-9398-FC0557059634}.Release|Any CPU.Build.0 = Release|Any CPU
	EndGlobalSection
	GlobalSection(SolutionProperties) = preSolution
		HideSolutionNode = FALSE
	EndGlobalSection
	GlobalSection(ExtensibilityGlobals) = postSolution
		SolutionGuid = {B9972152-4ED1-4ED2-BDE8-024586C876D3}
	EndGlobalSection
EndGlobal
