
Microsoft Visual Studio Solution File, Format Version 12.00
# Visual Studio Version 16
VisualStudioVersion = 16.0.31229.75
MinimumVisualStudioVersion = 10.0.40219.1
Project("{FAE04EC0-301F-11D3-BF4B-00C04F79EFBC}") = "APIClient", "APIClient\APIClient.csproj", "{D6EDBED3-4B66-4544-BADB-E0971CC3DE8D}"
EndProject
Project("{FAE04EC0-301F-11D3-BF4B-00C04F79EFBC}") = "APITestApp", "APITestApp\APITestApp.csproj", "{7BD7F121-680F-4119-ACAD-D9F0F1B27027}"
EndProject
Global
	GlobalSection(SolutionConfigurationPlatforms) = preSolution
		Debug|Any CPU = Debug|Any CPU
		Release|Any CPU = Release|Any CPU
	EndGlobalSection
	GlobalSection(ProjectConfigurationPlatforms) = postSolution
		{D6EDBED3-4B66-4544-BADB-E0971CC3DE8D}.Debug|Any CPU.ActiveCfg = Debug|Any CPU
		{D6EDBED3-4B66-4544-BADB-E0971CC3DE8D}.Debug|Any CPU.Build.0 = Debug|Any CPU
		{D6EDBED3-4B66-4544-BADB-E0971CC3DE8D}.Release|Any CPU.ActiveCfg = Release|Any CPU
		{D6EDBED3-4B66-4544-BADB-E0971CC3DE8D}.Release|Any CPU.Build.0 = Release|Any CPU
		{7BD7F121-680F-4119-ACAD-D9F0F1B27027}.Debug|Any CPU.ActiveCfg = Debug|Any CPU
		{7BD7F121-680F-4119-ACAD-D9F0F1B27027}.Debug|Any CPU.Build.0 = Debug|Any CPU
		{7BD7F121-680F-4119-ACAD-D9F0F1B27027}.Release|Any CPU.ActiveCfg = Release|Any CPU
		{7BD7F121-680F-4119-ACAD-D9F0F1B27027}.Release|Any CPU.Build.0 = Release|Any CPU
	EndGlobalSection
	GlobalSection(SolutionProperties) = preSolution
		HideSolutionNode = FALSE
	EndGlobalSection
	GlobalSection(ExtensibilityGlobals) = postSolution
		SolutionGuid = {899B0A7C-0F98-4B5A-BB27-614AE537395B}
	EndGlobalSection
EndGlobal
