
Microsoft Visual Studio Solution File, Format Version 12.00
# Visual Studio Version 16
VisualStudioVersion = 16.0.31229.75
MinimumVisualStudioVersion = 10.0.40219.1
Project("{FAE04EC0-301F-11D3-BF4B-00C04F79EFBC}") = "FizzBuzz", "FizzBuzz\FizzBuzz.csproj", "{C8770BA4-A5AE-4031-98AC-C4CA7EBF15DE}"
EndProject
Project("{FAE04EC0-301F-11D3-BF4B-00C04F79EFBC}") = "FizzBuzzTest", "FizzBuzzTest\FizzBuzzTest.csproj", "{DF09118C-18EC-4297-B698-4CD17BE803EF}"
EndProject
Global
	GlobalSection(SolutionConfigurationPlatforms) = preSolution
		Debug|Any CPU = Debug|Any CPU
		Release|Any CPU = Release|Any CPU
	EndGlobalSection
	GlobalSection(ProjectConfigurationPlatforms) = postSolution
		{C8770BA4-A5AE-4031-98AC-C4CA7EBF15DE}.Debug|Any CPU.ActiveCfg = Debug|Any CPU
		{C8770BA4-A5AE-4031-98AC-C4CA7EBF15DE}.Debug|Any CPU.Build.0 = Debug|Any CPU
		{C8770BA4-A5AE-4031-98AC-C4CA7EBF15DE}.Release|Any CPU.ActiveCfg = Release|Any CPU
		{C8770BA4-A5AE-4031-98AC-C4CA7EBF15DE}.Release|Any CPU.Build.0 = Release|Any CPU
		{DF09118C-18EC-4297-B698-4CD17BE803EF}.Debug|Any CPU.ActiveCfg = Debug|Any CPU
		{DF09118C-18EC-4297-B698-4CD17BE803EF}.Debug|Any CPU.Build.0 = Debug|Any CPU
		{DF09118C-18EC-4297-B698-4CD17BE803EF}.Release|Any CPU.ActiveCfg = Release|Any CPU
		{DF09118C-18EC-4297-B698-4CD17BE803EF}.Release|Any CPU.Build.0 = Release|Any CPU
	EndGlobalSection
	GlobalSection(SolutionProperties) = preSolution
		HideSolutionNode = FALSE
	EndGlobalSection
	GlobalSection(ExtensibilityGlobals) = postSolution
		SolutionGuid = {D5C87D19-5A6C-48E6-823E-97165E5F6432}
	EndGlobalSection
EndGlobal
